
Microsoft Visual Studio Solution File, Format Version 12.00
# Visual Studio 15
VisualStudioVersion = 15.0.26730.16
MinimumVisualStudioVersion = 10.0.40219.1
Project("{9A19103F-16F7-4668-BE54-9A1E7A4F7556}") = "MoneyTransferApp.Web", "MoneyTransferApp.Web\MoneyTransferApp.Web.csproj", "{81094EDA-91BD-4AD9-B905-6B76998F4D9C}"
EndProject
Project("{E24C65DC-7377-472B-9ABA-BC803B73C61A}") = "MoneyTransferApp.FrontEnd", "MoneyTransferApp.FrontEnd\", "{A9F5FFDF-110F-48CA-8E78-A9337814A064}"
	ProjectSection(WebsiteProperties) = preProject
		SccProjectName = "SAK"
		SccAuxPath = "SAK"
		SccLocalPath = "SAK"
		SccProvider = "SAK"
		TargetFrameworkMoniker = ".NETFramework,Version%3Dv4.0"
		Debug.AspNetCompiler.VirtualPath = "/localhost_61907"
		Debug.AspNetCompiler.PhysicalPath = "MoneyTransferApp.FrontEnd\"
		Debug.AspNetCompiler.TargetPath = "PrecompiledWeb\localhost_61907\"
		Debug.AspNetCompiler.Updateable = "true"
		Debug.AspNetCompiler.ForceOverwrite = "true"
		Debug.AspNetCompiler.FixedNames = "false"
		Debug.AspNetCompiler.Debug = "True"
		Release.AspNetCompiler.VirtualPath = "/localhost_61907"
		Release.AspNetCompiler.PhysicalPath = "MoneyTransferApp.FrontEnd\"
		Release.AspNetCompiler.TargetPath = "PrecompiledWeb\localhost_61907\"
		Release.AspNetCompiler.Updateable = "true"
		Release.AspNetCompiler.ForceOverwrite = "true"
		Release.AspNetCompiler.FixedNames = "false"
		Release.AspNetCompiler.Debug = "False"
		VWDPort = "61907"
		SlnRelativePath = "MoneyTransferApp.FrontEnd\"
	EndProjectSection
EndProject
Project("{9A19103F-16F7-4668-BE54-9A1E7A4F7556}") = "MoneyTransferApp.Core", "MoneyTransferApp.Core\MoneyTransferApp.Core.csproj", "{361F0A58-42AE-495D-B5FC-1BB8D88A913B}"
EndProject
Project("{9A19103F-16F7-4668-BE54-9A1E7A4F7556}") = "MoneyTransferApp.Infrastructure", "MoneyTransferApp.Infrastructure\MoneyTransferApp.Infrastructure.csproj", "{7F2FB254-2639-44EF-A867-6E1A6B68BA38}"
EndProject
Project("{9A19103F-16F7-4668-BE54-9A1E7A4F7556}") = "MoneyTransferApp.Auth", "MoneyTransferApp.Auth\MoneyTransferApp.Auth.csproj", "{3D67B2A9-5B29-42D3-BB22-F34C736E0030}"
EndProject
Global
	GlobalSection(SolutionConfigurationPlatforms) = preSolution
		Debug|Any CPU = Debug|Any CPU
		Release|Any CPU = Release|Any CPU
	EndGlobalSection
	GlobalSection(ProjectConfigurationPlatforms) = postSolution
		{81094EDA-91BD-4AD9-B905-6B76998F4D9C}.Debug|Any CPU.ActiveCfg = Debug|Any CPU
		{81094EDA-91BD-4AD9-B905-6B76998F4D9C}.Debug|Any CPU.Build.0 = Debug|Any CPU
		{81094EDA-91BD-4AD9-B905-6B76998F4D9C}.Release|Any CPU.ActiveCfg = Release|Any CPU
		{81094EDA-91BD-4AD9-B905-6B76998F4D9C}.Release|Any CPU.Build.0 = Release|Any CPU
		{A9F5FFDF-110F-48CA-8E78-A9337814A064}.Debug|Any CPU.ActiveCfg = Debug|Any CPU
		{A9F5FFDF-110F-48CA-8E78-A9337814A064}.Release|Any CPU.ActiveCfg = Debug|Any CPU
		{361F0A58-42AE-495D-B5FC-1BB8D88A913B}.Debug|Any CPU.ActiveCfg = Debug|Any CPU
		{361F0A58-42AE-495D-B5FC-1BB8D88A913B}.Debug|Any CPU.Build.0 = Debug|Any CPU
		{361F0A58-42AE-495D-B5FC-1BB8D88A913B}.Release|Any CPU.ActiveCfg = Release|Any CPU
		{361F0A58-42AE-495D-B5FC-1BB8D88A913B}.Release|Any CPU.Build.0 = Release|Any CPU
		{7F2FB254-2639-44EF-A867-6E1A6B68BA38}.Debug|Any CPU.ActiveCfg = Debug|Any CPU
		{7F2FB254-2639-44EF-A867-6E1A6B68BA38}.Debug|Any CPU.Build.0 = Debug|Any CPU
		{7F2FB254-2639-44EF-A867-6E1A6B68BA38}.Release|Any CPU.ActiveCfg = Release|Any CPU
		{7F2FB254-2639-44EF-A867-6E1A6B68BA38}.Release|Any CPU.Build.0 = Release|Any CPU
		{3D67B2A9-5B29-42D3-BB22-F34C736E0030}.Debug|Any CPU.ActiveCfg = Debug|Any CPU
		{3D67B2A9-5B29-42D3-BB22-F34C736E0030}.Debug|Any CPU.Build.0 = Debug|Any CPU
		{3D67B2A9-5B29-42D3-BB22-F34C736E0030}.Release|Any CPU.ActiveCfg = Release|Any CPU
		{3D67B2A9-5B29-42D3-BB22-F34C736E0030}.Release|Any CPU.Build.0 = Release|Any CPU
	EndGlobalSection
	GlobalSection(SolutionProperties) = preSolution
		HideSolutionNode = FALSE
	EndGlobalSection
	GlobalSection(ExtensibilityGlobals) = postSolution
		SolutionGuid = {00862247-207C-4D95-A4B4-85F69B14D964}
	EndGlobalSection
EndGlobal
